
Microsoft Visual Studio Solution File, Format Version 12.00
# Visual Studio 15
VisualStudioVersion = 15.0.27703.2035
MinimumVisualStudioVersion = 10.0.40219.1
Project("{9A19103F-16F7-4668-BE54-9A1E7A4F7556}") = "aoponto.api", "aoponto.api\aoponto.api.csproj", "{9183F61B-F99E-4307-B3BE-1E588840C559}"
EndProject
Project("{9A19103F-16F7-4668-BE54-9A1E7A4F7556}") = "aoponto.modelos", "aoponto.modelos\aoponto.modelos.csproj", "{99FBD4E2-7EA0-49CE-B289-045662611853}"
EndProject
Project("{9A19103F-16F7-4668-BE54-9A1E7A4F7556}") = "aoponto.dados", "aoponto.dados\aoponto.dados.csproj", "{357D15C9-D64D-4BA0-8BEC-CF624409016F}"
EndProject
Project("{9A19103F-16F7-4668-BE54-9A1E7A4F7556}") = "aoponto.servicos", "aoponto.servicos\aoponto.servicos.csproj", "{39275367-AFBF-48F8-AD76-2ABEE3C29E37}"
EndProject
Project("{FAE04EC0-301F-11D3-BF4B-00C04F79EFBC}") = "aoponto.lib", "aoponto.lib\aoponto.lib.csproj", "{5E6509EE-BF74-4A46-8D7F-2A827A9C91DA}"
EndProject
Global
	GlobalSection(SolutionConfigurationPlatforms) = preSolution
		Debug|Any CPU = Debug|Any CPU
		Release|Any CPU = Release|Any CPU
	EndGlobalSection
	GlobalSection(ProjectConfigurationPlatforms) = postSolution
		{9183F61B-F99E-4307-B3BE-1E588840C559}.Debug|Any CPU.ActiveCfg = Debug|Any CPU
		{9183F61B-F99E-4307-B3BE-1E588840C559}.Debug|Any CPU.Build.0 = Debug|Any CPU
		{9183F61B-F99E-4307-B3BE-1E588840C559}.Release|Any CPU.ActiveCfg = Release|Any CPU
		{9183F61B-F99E-4307-B3BE-1E588840C559}.Release|Any CPU.Build.0 = Release|Any CPU
		{99FBD4E2-7EA0-49CE-B289-045662611853}.Debug|Any CPU.ActiveCfg = Debug|Any CPU
		{99FBD4E2-7EA0-49CE-B289-045662611853}.Debug|Any CPU.Build.0 = Debug|Any CPU
		{99FBD4E2-7EA0-49CE-B289-045662611853}.Release|Any CPU.ActiveCfg = Release|Any CPU
		{99FBD4E2-7EA0-49CE-B289-045662611853}.Release|Any CPU.Build.0 = Release|Any CPU
		{357D15C9-D64D-4BA0-8BEC-CF624409016F}.Debug|Any CPU.ActiveCfg = Debug|Any CPU
		{357D15C9-D64D-4BA0-8BEC-CF624409016F}.Debug|Any CPU.Build.0 = Debug|Any CPU
		{357D15C9-D64D-4BA0-8BEC-CF624409016F}.Release|Any CPU.ActiveCfg = Release|Any CPU
		{357D15C9-D64D-4BA0-8BEC-CF624409016F}.Release|Any CPU.Build.0 = Release|Any CPU
		{39275367-AFBF-48F8-AD76-2ABEE3C29E37}.Debug|Any CPU.ActiveCfg = Debug|Any CPU
		{39275367-AFBF-48F8-AD76-2ABEE3C29E37}.Debug|Any CPU.Build.0 = Debug|Any CPU
		{39275367-AFBF-48F8-AD76-2ABEE3C29E37}.Release|Any CPU.ActiveCfg = Release|Any CPU
		{39275367-AFBF-48F8-AD76-2ABEE3C29E37}.Release|Any CPU.Build.0 = Release|Any CPU
		{5E6509EE-BF74-4A46-8D7F-2A827A9C91DA}.Debug|Any CPU.ActiveCfg = Debug|Any CPU
		{5E6509EE-BF74-4A46-8D7F-2A827A9C91DA}.Debug|Any CPU.Build.0 = Debug|Any CPU
		{5E6509EE-BF74-4A46-8D7F-2A827A9C91DA}.Release|Any CPU.ActiveCfg = Release|Any CPU
		{5E6509EE-BF74-4A46-8D7F-2A827A9C91DA}.Release|Any CPU.Build.0 = Release|Any CPU
	EndGlobalSection
	GlobalSection(SolutionProperties) = preSolution
		HideSolutionNode = FALSE
	EndGlobalSection
	GlobalSection(ExtensibilityGlobals) = postSolution
		SolutionGuid = {1FB35275-5DBC-43ED-A57C-3F156B2BEC86}
	EndGlobalSection
	GlobalSection(TeamFoundationVersionControl) = preSolution
		SccNumberOfProjects = 6
		SccEnterpriseProvider = {4CA58AB2-18FA-4F8D-95D4-32DDF27D184C}
		SccTeamFoundationServer = https://quadsystems.visualstudio.com/
		SccLocalPath0 = .
		SccProjectUniqueName1 = aoponto.modelos\\aoponto.modelos.csproj
		SccProjectName1 = aoponto.modelos
		SccLocalPath1 = aoponto.modelos
		SccProjectUniqueName2 = aoponto.dados\\aoponto.dados.csproj
		SccProjectName2 = aoponto.dados
		SccLocalPath2 = aoponto.dados
		SccProjectUniqueName3 = aoponto.servicos\\aoponto.servicos.csproj
		SccProjectName3 = aoponto.servicos
		SccLocalPath3 = aoponto.servicos
		SccProjectUniqueName4 = Web\u0020Api\\aoponto.api.csproj
		SccProjectName4 = Web\u0020Api
		SccLocalPath4 = Web\u0020Api
		SccProjectUniqueName5 = aoponto.lib\\aoponto.lib.csproj
		SccProjectName5 = aoponto.lib
		SccLocalPath5 = aoponto.lib
	EndGlobalSection
EndGlobal
